// !$*UTF8*$!
{
	archiveVersion = 1;
	classes = {
	};
	objectVersion = 50;
	objects = {

/* Begin PBXBuildFile section */
		769D2CE6211B337B00348F4C /* AppDelegate.swift in Sources */ = {isa = PBXBuildFile; fileRef = 769D2CE5211B337B00348F4C /* AppDelegate.swift */; };
		769D2CEB211B337B00348F4C /* Main.storyboard in Resources */ = {isa = PBXBuildFile; fileRef = 769D2CE9211B337B00348F4C /* Main.storyboard */; };
		769D2CED211B338000348F4C /* Assets.xcassets in Resources */ = {isa = PBXBuildFile; fileRef = 769D2CEC211B338000348F4C /* Assets.xcassets */; };
		769D2CF0211B338000348F4C /* LaunchScreen.storyboard in Resources */ = {isa = PBXBuildFile; fileRef = 769D2CEE211B338000348F4C /* LaunchScreen.storyboard */; };
		769D2CF8211B376000348F4C /* HomeController.swift in Sources */ = {isa = PBXBuildFile; fileRef = 769D2CF7211B376000348F4C /* HomeController.swift */; };
		76B6F589211B95CC0024A218 /* HomeDatasoursecontroller.swift in Sources */ = {isa = PBXBuildFile; fileRef = 76B6F588211B95CC0024A218 /* HomeDatasoursecontroller.swift */; };
		76B6F58E211BA4B40024A218 /* Cells.swift in Sources */ = {isa = PBXBuildFile; fileRef = 76B6F58D211BA4B40024A218 /* Cells.swift */; };
		76B6F591211BA5360024A218 /* Datasourse.swift in Sources */ = {isa = PBXBuildFile; fileRef = 76B6F590211BA5360024A218 /* Datasourse.swift */; };
		7A234EB00BAEE62802BB4717 /* Pods_TwitterTest.framework in Frameworks */ = {isa = PBXBuildFile; fileRef = D0E28470527720B8B434684D /* Pods_TwitterTest.framework */; };
/* End PBXBuildFile section */

/* Begin PBXFileReference section */
		769D2CE2211B337B00348F4C /* TwitterTest.app */ = {isa = PBXFileReference; explicitFileType = wrapper.application; includeInIndex = 0; path = TwitterTest.app; sourceTree = BUILT_PRODUCTS_DIR; };
		769D2CE5211B337B00348F4C /* AppDelegate.swift */ = {isa = PBXFileReference; lastKnownFileType = sourcecode.swift; path = AppDelegate.swift; sourceTree = "<group>"; };
		769D2CEA211B337B00348F4C /* Base */ = {isa = PBXFileReference; lastKnownFileType = file.storyboard; name = Base; path = Base.lproj/Main.storyboard; sourceTree = "<group>"; };
		769D2CEC211B338000348F4C /* Assets.xcassets */ = {isa = PBXFileReference; lastKnownFileType = folder.assetcatalog; path = Assets.xcassets; sourceTree = "<group>"; };
		769D2CEF211B338000348F4C /* Base */ = {isa = PBXFileReference; lastKnownFileType = file.storyboard; name = Base; path = Base.lproj/LaunchScreen.storyboard; sourceTree = "<group>"; };
		769D2CF1211B338000348F4C /* Info.plist */ = {isa = PBXFileReference; lastKnownFileType = text.plist.xml; path = Info.plist; sourceTree = "<group>"; };
		769D2CF7211B376000348F4C /* HomeController.swift */ = {isa = PBXFileReference; lastKnownFileType = sourcecode.swift; path = HomeController.swift; sourceTree = "<group>"; };
		76B6F588211B95CC0024A218 /* HomeDatasoursecontroller.swift */ = {isa = PBXFileReference; lastKnownFileType = sourcecode.swift; path = HomeDatasoursecontroller.swift; sourceTree = "<group>"; };
		76B6F58D211BA4B40024A218 /* Cells.swift */ = {isa = PBXFileReference; lastKnownFileType = sourcecode.swift; path = Cells.swift; sourceTree = "<group>"; };
		76B6F590211BA5360024A218 /* Datasourse.swift */ = {isa = PBXFileReference; lastKnownFileType = sourcecode.swift; path = Datasourse.swift; sourceTree = "<group>"; };
		D0E28470527720B8B434684D /* Pods_TwitterTest.framework */ = {isa = PBXFileReference; explicitFileType = wrapper.framework; includeInIndex = 0; path = Pods_TwitterTest.framework; sourceTree = BUILT_PRODUCTS_DIR; };
		DE0A432E7182E22DC5BE51D8 /* Pods-TwitterTest.debug.xcconfig */ = {isa = PBXFileReference; includeInIndex = 1; lastKnownFileType = text.xcconfig; name = "Pods-TwitterTest.debug.xcconfig"; path = "Pods/Target Support Files/Pods-TwitterTest/Pods-TwitterTest.debug.xcconfig"; sourceTree = "<group>"; };
		F46C49D48AC99DE8DC20280B /* Pods-TwitterTest.release.xcconfig */ = {isa = PBXFileReference; includeInIndex = 1; lastKnownFileType = text.xcconfig; name = "Pods-TwitterTest.release.xcconfig"; path = "Pods/Target Support Files/Pods-TwitterTest/Pods-TwitterTest.release.xcconfig"; sourceTree = "<group>"; };
/* End PBXFileReference section */

/* Begin PBXFrameworksBuildPhase section */
		769D2CDF211B337B00348F4C /* Frameworks */ = {
			isa = PBXFrameworksBuildPhase;
			buildActionMask = 2147483647;
			files = (
				7A234EB00BAEE62802BB4717 /* Pods_TwitterTest.framework in Frameworks */,
			);
			runOnlyForDeploymentPostprocessing = 0;
		};
/* End PBXFrameworksBuildPhase section */

/* Begin PBXGroup section */
		769D2CD9211B337B00348F4C = {
			isa = PBXGroup;
			children = (
				769D2CE4211B337B00348F4C /* TwitterTest */,
				769D2CE3211B337B00348F4C /* Products */,
				7D7C798336B6FFD77A17081F /* Pods */,
				E9D4D8EED3430D4AA8846893 /* Frameworks */,
			);
			sourceTree = "<group>";
		};
		769D2CE3211B337B00348F4C /* Products */ = {
			isa = PBXGroup;
			children = (
				769D2CE2211B337B00348F4C /* TwitterTest.app */,
			);
			name = Products;
			sourceTree = "<group>";
		};
		769D2CE4211B337B00348F4C /* TwitterTest */ = {
			isa = PBXGroup;
			children = (
				76B6F58C211BA4820024A218 /* View */,
				76B6F58B211BA46E0024A218 /* Controller */,
				76B6F58A211BA4640024A218 /* Model */,
				769D2CE5211B337B00348F4C /* AppDelegate.swift */,
				769D2CF7211B376000348F4C /* HomeController.swift */,
				769D2CE9211B337B00348F4C /* Main.storyboard */,
				769D2CEC211B338000348F4C /* Assets.xcassets */,
				769D2CEE211B338000348F4C /* LaunchScreen.storyboard */,
				769D2CF1211B338000348F4C /* Info.plist */,
			);
			path = TwitterTest;
			sourceTree = "<group>";
		};
		76B6F58A211BA4640024A218 /* Model */ = {
			isa = PBXGroup;
			children = (
				76B6F590211BA5360024A218 /* Datasourse.swift */,
			);
			path = Model;
			sourceTree = "<group>";
		};
		76B6F58B211BA46E0024A218 /* Controller */ = {
			isa = PBXGroup;
			children = (
				76B6F588211B95CC0024A218 /* HomeDatasoursecontroller.swift */,
			);
			path = Controller;
			sourceTree = "<group>";
		};
		76B6F58C211BA4820024A218 /* View */ = {
			isa = PBXGroup;
			children = (
				76B6F58D211BA4B40024A218 /* Cells.swift */,
			);
			path = View;
			sourceTree = "<group>";
		};
		7D7C798336B6FFD77A17081F /* Pods */ = {
			isa = PBXGroup;
			children = (
				DE0A432E7182E22DC5BE51D8 /* Pods-TwitterTest.debug.xcconfig */,
				F46C49D48AC99DE8DC20280B /* Pods-TwitterTest.release.xcconfig */,
			);
			name = Pods;
			sourceTree = "<group>";
		};
		E9D4D8EED3430D4AA8846893 /* Frameworks */ = {
			isa = PBXGroup;
			children = (
				D0E28470527720B8B434684D /* Pods_TwitterTest.framework */,
			);
			name = Frameworks;
			sourceTree = "<group>";
		};
/* End PBXGroup section */

/* Begin PBXNativeTarget section */
		769D2CE1211B337B00348F4C /* TwitterTest */ = {
			isa = PBXNativeTarget;
			buildConfigurationList = 769D2CF4211B338000348F4C /* Build configuration list for PBXNativeTarget "TwitterTest" */;
			buildPhases = (
				CE888B96F64DD1711AF04CE1 /* [CP] Check Pods Manifest.lock */,
				769D2CDE211B337B00348F4C /* Sources */,
				769D2CDF211B337B00348F4C /* Frameworks */,
				769D2CE0211B337B00348F4C /* Resources */,
				E7094082EBF1F97FD12A1FBB /* [CP] Embed Pods Frameworks */,
			);
			buildRules = (
			);
			dependencies = (
			);
			name = TwitterTest;
			productName = TwitterTest;
			productReference = 769D2CE2211B337B00348F4C /* TwitterTest.app */;
			productType = "com.apple.product-type.application";
		};
/* End PBXNativeTarget section */

/* Begin PBXProject section */
		769D2CDA211B337B00348F4C /* Project object */ = {
			isa = PBXProject;
			attributes = {
				LastSwiftUpdateCheck = 0940;
				LastUpgradeCheck = 0940;
				ORGANIZATIONNAME = OlehMalichenko;
				TargetAttributes = {
					769D2CE1211B337B00348F4C = {
						CreatedOnToolsVersion = 9.4.1;
					};
				};
			};
			buildConfigurationList = 769D2CDD211B337B00348F4C /* Build configuration list for PBXProject "TwitterTest" */;
			compatibilityVersion = "Xcode 9.3";
			developmentRegion = en;
			hasScannedForEncodings = 0;
			knownRegions = (
				en,
				Base,
			);
			mainGroup = 769D2CD9211B337B00348F4C;
			productRefGroup = 769D2CE3211B337B00348F4C /* Products */;
			projectDirPath = "";
			projectRoot = "";
			targets = (
				769D2CE1211B337B00348F4C /* TwitterTest */,
			);
		};
/* End PBXProject section */

/* Begin PBXResourcesBuildPhase section */
		769D2CE0211B337B00348F4C /* Resources */ = {
			isa = PBXResourcesBuildPhase;
			buildActionMask = 2147483647;
			files = (
				769D2CF0211B338000348F4C /* LaunchScreen.storyboard in Resources */,
				769D2CED211B338000348F4C /* Assets.xcassets in Resources */,
				769D2CEB211B337B00348F4C /* Main.storyboard in Resources */,
			);
			runOnlyForDeploymentPostprocessing = 0;
		};
/* End PBXResourcesBuildPhase section */

/* Begin PBXShellScriptBuildPhase section */
		CE888B96F64DD1711AF04CE1 /* [CP] Check Pods Manifest.lock */ = {
			isa = PBXShellScriptBuildPhase;
			buildActionMask = 2147483647;
			files = (
			);
			inputPaths = (
				"${PODS_PODFILE_DIR_PATH}/Podfile.lock",
				"${PODS_ROOT}/Manifest.lock",
			);
			name = "[CP] Check Pods Manifest.lock";
			outputPaths = (
				"$(DERIVED_FILE_DIR)/Pods-TwitterTest-checkManifestLockResult.txt",
			);
			runOnlyForDeploymentPostprocessing = 0;
			shellPath = /bin/sh;
			shellScript = "diff \"${PODS_PODFILE_DIR_PATH}/Podfile.lock\" \"${PODS_ROOT}/Manifest.lock\" > /dev/null\nif [ $? != 0 ] ; then\n    # print error to STDERR\n    echo \"error: The sandbox is not in sync with the Podfile.lock. Run 'pod install' or update your CocoaPods installation.\" >&2\n    exit 1\nfi\n# This output is used by Xcode 'outputs' to avoid re-running this script phase.\necho \"SUCCESS\" > \"${SCRIPT_OUTPUT_FILE_0}\"\n";
			showEnvVarsInLog = 0;
		};
		E7094082EBF1F97FD12A1FBB /* [CP] Embed Pods Frameworks */ = {
			isa = PBXShellScriptBuildPhase;
			buildActionMask = 2147483647;
			files = (
			);
			inputPaths = (
				"${SRCROOT}/Pods/Target Support Files/Pods-TwitterTest/Pods-TwitterTest-frameworks.sh",
				"${BUILT_PRODUCTS_DIR}/LBTAComponents/LBTAComponents.framework",
			);
			name = "[CP] Embed Pods Frameworks";
			outputPaths = (
				"${TARGET_BUILD_DIR}/${FRAMEWORKS_FOLDER_PATH}/LBTAComponents.framework",
			);
			runOnlyForDeploymentPostprocessing = 0;
			shellPath = /bin/sh;
			shellScript = "\"${SRCROOT}/Pods/Target Support Files/Pods-TwitterTest/Pods-TwitterTest-frameworks.sh\"\n";
			showEnvVarsInLog = 0;
		};
/* End PBXShellScriptBuildPhase section */

/* Begin PBXSourcesBuildPhase section */
		769D2CDE211B337B00348F4C /* Sources */ = {
			isa = PBXSourcesBuildPhase;
			buildActionMask = 2147483647;
			files = (
				76B6F589211B95CC0024A218 /* HomeDatasoursecontroller.swift in Sources */,
				76B6F591211BA5360024A218 /* Datasourse.swift in Sources */,
				76B6F58E211BA4B40024A218 /* Cells.swift in Sources */,
				769D2CE6211B337B00348F4C /* AppDelegate.swift in Sources */,
				769D2CF8211B376000348F4C /* HomeController.swift in Sources */,
			);
			runOnlyForDeploymentPostprocessing = 0;
		};
/* End PBXSourcesBuildPhase section */

/* Begin PBXVariantGroup section */
		769D2CE9211B337B00348F4C /* Main.storyboard */ = {
			isa = PBXVariantGroup;
			children = (
				769D2CEA211B337B00348F4C /* Base */,
			);
			name = Main.storyboard;
			sourceTree = "<group>";
		};
		769D2CEE211B338000348F4C /* LaunchScreen.storyboard */ = {
			isa = PBXVariantGroup;
			children = (
				769D2CEF211B338000348F4C /* Base */,
			);
			name = LaunchScreen.storyboard;
			sourceTree = "<group>";
		};
/* End PBXVariantGroup section */

/* Begin XCBuildConfiguration section */
		769D2CF2211B338000348F4C /* Debug */ = {
			isa = XCBuildConfiguration;
			buildSettings = {
				ALWAYS_SEARCH_USER_PATHS = NO;
				CLANG_ANALYZER_NONNULL = YES;
				CLANG_ANALYZER_NUMBER_OBJECT_CONVERSION = YES_AGGRESSIVE;
				CLANG_CXX_LANGUAGE_STANDARD = "gnu++14";
				CLANG_CXX_LIBRARY = "libc++";
				CLANG_ENABLE_MODULES = YES;
				CLANG_ENABLE_OBJC_ARC = YES;
				CLANG_ENABLE_OBJC_WEAK = YES;
				CLANG_WARN_BLOCK_CAPTURE_AUTORELEASING = YES;
				CLANG_WARN_BOOL_CONVERSION = YES;
				CLANG_WARN_COMMA = YES;
				CLANG_WARN_CONSTANT_CONVERSION = YES;
				CLANG_WARN_DEPRECATED_OBJC_IMPLEMENTATIONS = YES;
				CLANG_WARN_DIRECT_OBJC_ISA_USAGE = YES_ERROR;
				CLANG_WARN_DOCUMENTATION_COMMENTS = YES;
				CLANG_WARN_EMPTY_BODY = YES;
				CLANG_WARN_ENUM_CONVERSION = YES;
				CLANG_WARN_INFINITE_RECURSION = YES;
				CLANG_WARN_INT_CONVERSION = YES;
				CLANG_WARN_NON_LITERAL_NULL_CONVERSION = YES;
				CLANG_WARN_OBJC_IMPLICIT_RETAIN_SELF = YES;
				CLANG_WARN_OBJC_LITERAL_CONVERSION = YES;
				CLANG_WARN_OBJC_ROOT_CLASS = YES_ERROR;
				CLANG_WARN_RANGE_LOOP_ANALYSIS = YES;
				CLANG_WARN_STRICT_PROTOTYPES = YES;
				CLANG_WARN_SUSPICIOUS_MOVE = YES;
				CLANG_WARN_UNGUARDED_AVAILABILITY = YES_AGGRESSIVE;
				CLANG_WARN_UNREACHABLE_CODE = YES;
				CLANG_WARN__DUPLICATE_METHOD_MATCH = YES;
				CODE_SIGN_IDENTITY = "iPhone Developer";
				COPY_PHASE_STRIP = NO;
				DEBUG_INFORMATION_FORMAT = dwarf;
				ENABLE_STRICT_OBJC_MSGSEND = YES;
				ENABLE_TESTABILITY = YES;
				GCC_C_LANGUAGE_STANDARD = gnu11;
				GCC_DYNAMIC_NO_PIC = NO;
				GCC_NO_COMMON_BLOCKS = YES;
				GCC_OPTIMIZATION_LEVEL = 0;
				GCC_PREPROCESSOR_DEFINITIONS = (
					"DEBUG=1",
					"$(inherited)",
				);
				GCC_WARN_64_TO_32_BIT_CONVERSION = YES;
				GCC_WARN_ABOUT_RETURN_TYPE = YES_ERROR;
				GCC_WARN_UNDECLARED_SELECTOR = YES;
				GCC_WARN_UNINITIALIZED_AUTOS = YES_AGGRESSIVE;
				GCC_WARN_UNUSED_FUNCTION = YES;
				GCC_WARN_UNUSED_VARIABLE = YES;
				IPHONEOS_DEPLOYMENT_TARGET = 11.4;
				MTL_ENABLE_DEBUG_INFO = YES;
				ONLY_ACTIVE_ARCH = YES;
				SDKROOT = iphoneos;
				SWIFT_ACTIVE_COMPILATION_CONDITIONS = DEBUG;
				SWIFT_OPTIMIZATION_LEVEL = "-Onone";
			};
			name = Debug;
		};
		769D2CF3211B338000348F4C /* Release */ = {
			isa = XCBuildConfiguration;
			buildSettings = {
				ALWAYS_SEARCH_USER_PATHS = NO;
				CLANG_ANALYZER_NONNULL = YES;
				CLANG_ANALYZER_NUMBER_OBJECT_CONVERSION = YES_AGGRESSIVE;
				CLANG_CXX_LANGUAGE_STANDARD = "gnu++14";
				CLANG_CXX_LIBRARY = "libc++";
				CLANG_ENABLE_MODULES = YES;
				CLANG_ENABLE_OBJC_ARC = YES;
				CLANG_ENABLE_OBJC_WEAK = YES;
				CLANG_WARN_BLOCK_CAPTURE_AUTORELEASING = YES;
				CLANG_WARN_BOOL_CONVERSION = YES;
				CLANG_WARN_COMMA = YES;
				CLANG_WARN_CONSTANT_CONVERSION = YES;
				CLANG_WARN_DEPRECATED_OBJC_IMPLEMENTATIONS = YES;
				CLANG_WARN_DIRECT_OBJC_ISA_USAGE = YES_ERROR;
				CLANG_WARN_DOCUMENTATION_COMMENTS = YES;
				CLANG_WARN_EMPTY_BODY = YES;
				CLANG_WARN_ENUM_CONVERSION = YES;
				CLANG_WARN_INFINITE_RECURSION = YES;
				CLANG_WARN_INT_CONVERSION = YES;
				CLANG_WARN_NON_LITERAL_NULL_CONVERSION = YES;
				CLANG_WARN_OBJC_IMPLICIT_RETAIN_SELF = YES;
				CLANG_WARN_OBJC_LITERAL_CONVERSION = YES;
				CLANG_WARN_OBJC_ROOT_CLASS = YES_ERROR;
				CLANG_WARN_RANGE_LOOP_ANALYSIS = YES;
				CLANG_WARN_STRICT_PROTOTYPES = YES;
				CLANG_WARN_SUSPICIOUS_MOVE = YES;
				CLANG_WARN_UNGUARDED_AVAILABILITY = YES_AGGRESSIVE;
				CLANG_WARN_UNREACHABLE_CODE = YES;
				CLANG_WARN__DUPLICATE_METHOD_MATCH = YES;
				CODE_SIGN_IDENTITY = "iPhone Developer";
				COPY_PHASE_STRIP = NO;
				DEBUG_INFORMATION_FORMAT = "dwarf-with-dsym";
				ENABLE_NS_ASSERTIONS = NO;
				ENABLE_STRICT_OBJC_MSGSEND = YES;
				GCC_C_LANGUAGE_STANDARD = gnu11;
				GCC_NO_COMMON_BLOCKS = YES;
				GCC_WARN_64_TO_32_BIT_CONVERSION = YES;
				GCC_WARN_ABOUT_RETURN_TYPE = YES_ERROR;
				GCC_WARN_UNDECLARED_SELECTOR = YES;
				GCC_WARN_UNINITIALIZED_AUTOS = YES_AGGRESSIVE;
				GCC_WARN_UNUSED_FUNCTION = YES;
				GCC_WARN_UNUSED_VARIABLE = YES;
				IPHONEOS_DEPLOYMENT_TARGET = 11.4;
				MTL_ENABLE_DEBUG_INFO = NO;
				SDKROOT = iphoneos;
				SWIFT_COMPILATION_MODE = wholemodule;
				SWIFT_OPTIMIZATION_LEVEL = "-O";
				VALIDATE_PRODUCT = YES;
			};
			name = Release;
		};
		769D2CF5211B338000348F4C /* Debug */ = {
			isa = XCBuildConfiguration;
			baseConfigurationReference = DE0A432E7182E22DC5BE51D8 /* Pods-TwitterTest.debug.xcconfig */;
			buildSettings = {
				ASSETCATALOG_COMPILER_APPICON_NAME = AppIcon;
				CODE_SIGN_STYLE = Automatic;
				DEVELOPMENT_TEAM = J4EZ9638SY;
				INFOPLIST_FILE = TwitterTest/Info.plist;
				LD_RUNPATH_SEARCH_PATHS = (
					"$(inherited)",
					"@executable_path/Frameworks",
				);
				PRODUCT_BUNDLE_IDENTIFIER = "Oleh-Malichenko.TwitterTest";
				PRODUCT_NAME = "$(TARGET_NAME)";
				SWIFT_VERSION = 4.0;
				TARGETED_DEVICE_FAMILY = "1,2";
			};
			name = Debug;
		};
		769D2CF6211B338000348F4C /* Release */ = {
			isa = XCBuildConfiguration;
			baseConfigurationReference = F46C49D48AC99DE8DC20280B /* Pods-TwitterTest.release.xcconfig */;
			buildSettings = {
				ASSETCATALOG_COMPILER_APPICON_NAME = AppIcon;
				CODE_SIGN_STYLE = Automatic;
				DEVELOPMENT_TEAM = J4EZ9638SY;
				INFOPLIST_FILE = TwitterTest/Info.plist;
				LD_RUNPATH_SEARCH_PATHS = (
					"$(inherited)",
					"@executable_path/Frameworks",
				);
				PRODUCT_BUNDLE_IDENTIFIER = "Oleh-Malichenko.TwitterTest";
				PRODUCT_NAME = "$(TARGET_NAME)";
				SWIFT_VERSION = 4.0;
				TARGETED_DEVICE_FAMILY = "1,2";
			};
			name = Release;
		};
/* End XCBuildConfiguration section */

/* Begin XCConfigurationList section */
		769D2CDD211B337B00348F4C /* Build configuration list for PBXProject "TwitterTest" */ = {
			isa = XCConfigurationList;
			buildConfigurations = (
				769D2CF2211B338000348F4C /* Debug */,
				769D2CF3211B338000348F4C /* Release */,
			);
			defaultConfigurationIsVisible = 0;
			defaultConfigurationName = Release;
		};
		769D2CF4211B338000348F4C /* Build configuration list for PBXNativeTarget "TwitterTest" */ = {
			isa = XCConfigurationList;
			buildConfigurations = (
				769D2CF5211B338000348F4C /* Debug */,
				769D2CF6211B338000348F4C /* Release */,
			);
			defaultConfigurationIsVisible = 0;
			defaultConfigurationName = Release;
		};
/* End XCConfigurationList section */
	};
	rootObject = 769D2CDA211B337B00348F4C /* Project object */;
}
